
Microsoft Visual Studio Solution File, Format Version 12.00
# Visual Studio Version 16
VisualStudioVersion = 16.0.31321.278
MinimumVisualStudioVersion = 10.0.40219.1
Project("{FAE04EC0-301F-11D3-BF4B-00C04F79EFBC}") = "Scrapper", "Scrapper\Scrapper.csproj", "{3E61D8EB-EFF4-4721-954D-81AF4232846B}"
EndProject
Global
	GlobalSection(SolutionConfigurationPlatforms) = preSolution
		Debug|Any CPU = Debug|Any CPU
		Release|Any CPU = Release|Any CPU
	EndGlobalSection
	GlobalSection(ProjectConfigurationPlatforms) = postSolution
		{3E61D8EB-EFF4-4721-954D-81AF4232846B}.Debug|Any CPU.ActiveCfg = Debug|Any CPU
		{3E61D8EB-EFF4-4721-954D-81AF4232846B}.Debug|Any CPU.Build.0 = Debug|Any CPU
		{3E61D8EB-EFF4-4721-954D-81AF4232846B}.Release|Any CPU.ActiveCfg = Release|Any CPU
		{3E61D8EB-EFF4-4721-954D-81AF4232846B}.Release|Any CPU.Build.0 = Release|Any CPU
	EndGlobalSection
	GlobalSection(SolutionProperties) = preSolution
		HideSolutionNode = FALSE
	EndGlobalSection
	GlobalSection(ExtensibilityGlobals) = postSolution
		SolutionGuid = {E78A89EC-D1CE-4893-9929-1A5FF64ECAE7}
	EndGlobalSection
EndGlobal
